
Microsoft Visual Studio Solution File, Format Version 12.00
# Visual Studio 15
VisualStudioVersion = 15.0.28307.136
MinimumVisualStudioVersion = 10.0.40219.1
Project("{FAE04EC0-301F-11D3-BF4B-00C04F79EFBC}") = "CardsAgainstHumanity", "CardsAgainstHumanity\CardsAgainstHumanity.csproj", "{B86CDEC2-C42B-4F51-94F8-495E49569237}"
EndProject
Global
	GlobalSection(SolutionConfigurationPlatforms) = preSolution
		Debug|Any CPU = Debug|Any CPU
		Release|Any CPU = Release|Any CPU
	EndGlobalSection
	GlobalSection(ProjectConfigurationPlatforms) = postSolution
		{B86CDEC2-C42B-4F51-94F8-495E49569237}.Debug|Any CPU.ActiveCfg = Debug|Any CPU
		{B86CDEC2-C42B-4F51-94F8-495E49569237}.Debug|Any CPU.Build.0 = Debug|Any CPU
		{B86CDEC2-C42B-4F51-94F8-495E49569237}.Release|Any CPU.ActiveCfg = Release|Any CPU
		{B86CDEC2-C42B-4F51-94F8-495E49569237}.Release|Any CPU.Build.0 = Release|Any CPU
	EndGlobalSection
	GlobalSection(SolutionProperties) = preSolution
		HideSolutionNode = FALSE
	EndGlobalSection
	GlobalSection(ExtensibilityGlobals) = postSolution
		SolutionGuid = {076B1FEB-4753-49F2-8773-7C5D8B558A61}
	EndGlobalSection
EndGlobal
